
Microsoft Visual Studio Solution File, Format Version 12.00
# Visual Studio Version 17
VisualStudioVersion = 17.1.32228.430
MinimumVisualStudioVersion = 10.0.40219.1
Project("{FAE04EC0-301F-11D3-BF4B-00C04F79EFBC}") = "Uberapp.Android", "Uberapp.Android\Uberapp.Android.csproj", "{0EA4E1F4-C5FF-4FFD-8240-4CAC0527D9EA}"
EndProject
Project("{FAE04EC0-301F-11D3-BF4B-00C04F79EFBC}") = "Uberapp.iOS", "Uberapp.iOS\Uberapp.iOS.csproj", "{09BB3879-4DCF-4E66-A5FE-30C70A22AAD0}"
EndProject
Project("{9A19103F-16F7-4668-BE54-9A1E7A4F7556}") = "Uberapp", "Uberapp\Uberapp.csproj", "{EC74A226-1A29-4F10-9909-F941077531B0}"
EndProject
Global
	GlobalSection(SolutionConfigurationPlatforms) = preSolution
		Debug|Any CPU = Debug|Any CPU
		Debug|iPhone = Debug|iPhone
		Debug|iPhoneSimulator = Debug|iPhoneSimulator
		Release|Any CPU = Release|Any CPU
		Release|iPhone = Release|iPhone
		Release|iPhoneSimulator = Release|iPhoneSimulator
	EndGlobalSection
	GlobalSection(ProjectConfigurationPlatforms) = postSolution
		{0EA4E1F4-C5FF-4FFD-8240-4CAC0527D9EA}.Debug|Any CPU.ActiveCfg = Debug|Any CPU
		{0EA4E1F4-C5FF-4FFD-8240-4CAC0527D9EA}.Debug|Any CPU.Build.0 = Debug|Any CPU
		{0EA4E1F4-C5FF-4FFD-8240-4CAC0527D9EA}.Debug|Any CPU.Deploy.0 = Debug|Any CPU
		{0EA4E1F4-C5FF-4FFD-8240-4CAC0527D9EA}.Debug|iPhone.ActiveCfg = Debug|Any CPU
		{0EA4E1F4-C5FF-4FFD-8240-4CAC0527D9EA}.Debug|iPhone.Build.0 = Debug|Any CPU
		{0EA4E1F4-C5FF-4FFD-8240-4CAC0527D9EA}.Debug|iPhone.Deploy.0 = Debug|Any CPU
		{0EA4E1F4-C5FF-4FFD-8240-4CAC0527D9EA}.Debug|iPhoneSimulator.ActiveCfg = Debug|Any CPU
		{0EA4E1F4-C5FF-4FFD-8240-4CAC0527D9EA}.Debug|iPhoneSimulator.Build.0 = Debug|Any CPU
		{0EA4E1F4-C5FF-4FFD-8240-4CAC0527D9EA}.Debug|iPhoneSimulator.Deploy.0 = Debug|Any CPU
		{0EA4E1F4-C5FF-4FFD-8240-4CAC0527D9EA}.Release|Any CPU.ActiveCfg = Release|Any CPU
		{0EA4E1F4-C5FF-4FFD-8240-4CAC0527D9EA}.Release|Any CPU.Build.0 = Release|Any CPU
		{0EA4E1F4-C5FF-4FFD-8240-4CAC0527D9EA}.Release|Any CPU.Deploy.0 = Release|Any CPU
		{0EA4E1F4-C5FF-4FFD-8240-4CAC0527D9EA}.Release|iPhone.ActiveCfg = Release|Any CPU
		{0EA4E1F4-C5FF-4FFD-8240-4CAC0527D9EA}.Release|iPhone.Build.0 = Release|Any CPU
		{0EA4E1F4-C5FF-4FFD-8240-4CAC0527D9EA}.Release|iPhone.Deploy.0 = Release|Any CPU
		{0EA4E1F4-C5FF-4FFD-8240-4CAC0527D9EA}.Release|iPhoneSimulator.ActiveCfg = Release|Any CPU
		{0EA4E1F4-C5FF-4FFD-8240-4CAC0527D9EA}.Release|iPhoneSimulator.Build.0 = Release|Any CPU
		{0EA4E1F4-C5FF-4FFD-8240-4CAC0527D9EA}.Release|iPhoneSimulator.Deploy.0 = Release|Any CPU
		{09BB3879-4DCF-4E66-A5FE-30C70A22AAD0}.Debug|Any CPU.ActiveCfg = Debug|iPhone
		{09BB3879-4DCF-4E66-A5FE-30C70A22AAD0}.Debug|Any CPU.Build.0 = Debug|iPhone
		{09BB3879-4DCF-4E66-A5FE-30C70A22AAD0}.Debug|Any CPU.Deploy.0 = Debug|iPhone
		{09BB3879-4DCF-4E66-A5FE-30C70A22AAD0}.Debug|iPhone.ActiveCfg = Debug|iPhone
		{09BB3879-4DCF-4E66-A5FE-30C70A22AAD0}.Debug|iPhone.Build.0 = Debug|iPhone
		{09BB3879-4DCF-4E66-A5FE-30C70A22AAD0}.Debug|iPhone.Deploy.0 = Debug|iPhone
		{09BB3879-4DCF-4E66-A5FE-30C70A22AAD0}.Debug|iPhoneSimulator.ActiveCfg = Debug|iPhoneSimulator
		{09BB3879-4DCF-4E66-A5FE-30C70A22AAD0}.Debug|iPhoneSimulator.Build.0 = Debug|iPhoneSimulator
		{09BB3879-4DCF-4E66-A5FE-30C70A22AAD0}.Debug|iPhoneSimulator.Deploy.0 = Debug|iPhoneSimulator
		{09BB3879-4DCF-4E66-A5FE-30C70A22AAD0}.Release|Any CPU.ActiveCfg = Release|iPhoneSimulator
		{09BB3879-4DCF-4E66-A5FE-30C70A22AAD0}.Release|Any CPU.Build.0 = Release|iPhoneSimulator
		{09BB3879-4DCF-4E66-A5FE-30C70A22AAD0}.Release|Any CPU.Deploy.0 = Release|iPhoneSimulator
		{09BB3879-4DCF-4E66-A5FE-30C70A22AAD0}.Release|iPhone.ActiveCfg = Release|iPhone
		{09BB3879-4DCF-4E66-A5FE-30C70A22AAD0}.Release|iPhone.Build.0 = Release|iPhone
		{09BB3879-4DCF-4E66-A5FE-30C70A22AAD0}.Release|iPhone.Deploy.0 = Release|iPhone
		{09BB3879-4DCF-4E66-A5FE-30C70A22AAD0}.Release|iPhoneSimulator.ActiveCfg = Release|iPhoneSimulator
		{09BB3879-4DCF-4E66-A5FE-30C70A22AAD0}.Release|iPhoneSimulator.Build.0 = Release|iPhoneSimulator
		{09BB3879-4DCF-4E66-A5FE-30C70A22AAD0}.Release|iPhoneSimulator.Deploy.0 = Release|iPhoneSimulator
		{EC74A226-1A29-4F10-9909-F941077531B0}.Debug|Any CPU.ActiveCfg = Debug|Any CPU
		{EC74A226-1A29-4F10-9909-F941077531B0}.Debug|Any CPU.Build.0 = Debug|Any CPU
		{EC74A226-1A29-4F10-9909-F941077531B0}.Debug|Any CPU.Deploy.0 = Debug|Any CPU
		{EC74A226-1A29-4F10-9909-F941077531B0}.Debug|iPhone.ActiveCfg = Debug|Any CPU
		{EC74A226-1A29-4F10-9909-F941077531B0}.Debug|iPhone.Build.0 = Debug|Any CPU
		{EC74A226-1A29-4F10-9909-F941077531B0}.Debug|iPhone.Deploy.0 = Debug|Any CPU
		{EC74A226-1A29-4F10-9909-F941077531B0}.Debug|iPhoneSimulator.ActiveCfg = Debug|Any CPU
		{EC74A226-1A29-4F10-9909-F941077531B0}.Debug|iPhoneSimulator.Build.0 = Debug|Any CPU
		{EC74A226-1A29-4F10-9909-F941077531B0}.Debug|iPhoneSimulator.Deploy.0 = Debug|Any CPU
		{EC74A226-1A29-4F10-9909-F941077531B0}.Release|Any CPU.ActiveCfg = Release|Any CPU
		{EC74A226-1A29-4F10-9909-F941077531B0}.Release|Any CPU.Build.0 = Release|Any CPU
		{EC74A226-1A29-4F10-9909-F941077531B0}.Release|Any CPU.Deploy.0 = Release|Any CPU
		{EC74A226-1A29-4F10-9909-F941077531B0}.Release|iPhone.ActiveCfg = Release|Any CPU
		{EC74A226-1A29-4F10-9909-F941077531B0}.Release|iPhone.Build.0 = Release|Any CPU
		{EC74A226-1A29-4F10-9909-F941077531B0}.Release|iPhone.Deploy.0 = Release|Any CPU
		{EC74A226-1A29-4F10-9909-F941077531B0}.Release|iPhoneSimulator.ActiveCfg = Release|Any CPU
		{EC74A226-1A29-4F10-9909-F941077531B0}.Release|iPhoneSimulator.Build.0 = Release|Any CPU
		{EC74A226-1A29-4F10-9909-F941077531B0}.Release|iPhoneSimulator.Deploy.0 = Release|Any CPU
	EndGlobalSection
	GlobalSection(SolutionProperties) = preSolution
		HideSolutionNode = FALSE
	EndGlobalSection
	GlobalSection(ExtensibilityGlobals) = postSolution
		SolutionGuid = {5D70663B-CB18-4EF5-91DC-5BA5BAA5BA30}
	EndGlobalSection
EndGlobal
